// !$*UTF8*$!
{
	archiveVersion = 1;
	classes = {
	};
	objectVersion = 56;
	objects = {

/* Begin PBXBuildFile section */
		5D0C1EBA2BBB1A8700B60817 /* GoogleService-Info.plist in Resources */ = {isa = PBXBuildFile; fileRef = 5D0C1EB92BBB1A8700B60817 /* GoogleService-Info.plist */; };
		5D0C1EBD2BBB1CA400B60817 /* FirebaseAuth in Frameworks */ = {isa = PBXBuildFile; productRef = 5D0C1EBC2BBB1CA400B60817 /* FirebaseAuth */; };
		5D0C1EBF2BBB1CA400B60817 /* FirebaseFirestore in Frameworks */ = {isa = PBXBuildFile; productRef = 5D0C1EBE2BBB1CA400B60817 /* FirebaseFirestore */; };
		5D0C1EC12BBB1CA400B60817 /* FirebaseFirestoreSwift in Frameworks */ = {isa = PBXBuildFile; productRef = 5D0C1EC02BBB1CA400B60817 /* FirebaseFirestoreSwift */; };
		5D0C1EC32BBB1CA400B60817 /* FirebaseStorage in Frameworks */ = {isa = PBXBuildFile; productRef = 5D0C1EC22BBB1CA400B60817 /* FirebaseStorage */; };
		5D0C1EC62BBC986F00B60817 /* AuthViewModel.swift in Sources */ = {isa = PBXBuildFile; fileRef = 5D0C1EC52BBC986F00B60817 /* AuthViewModel.swift */; };
		5D0C1EC82BBC9E1800B60817 /* Triangle.swift in Sources */ = {isa = PBXBuildFile; fileRef = 5D0C1EC72BBC9E1800B60817 /* Triangle.swift */; };
		5D1D6B9E2BC1DBFB002C4020 /* UserService.swift in Sources */ = {isa = PBXBuildFile; fileRef = 5D1D6B9D2BC1DBFB002C4020 /* UserService.swift */; };
		5D1D6BA02BC1DF65002C4020 /* User.swift in Sources */ = {isa = PBXBuildFile; fileRef = 5D1D6B9F2BC1DF65002C4020 /* User.swift */; };
		5D1DC0B32BAF78540006208D /* MainTitleView.swift in Sources */ = {isa = PBXBuildFile; fileRef = 5D1DC0B22BAF78540006208D /* MainTitleView.swift */; };
		5D2CA3822BB9DCA700C0CEFF /* ActivityCell.swift in Sources */ = {isa = PBXBuildFile; fileRef = 5D2CA3812BB9DCA700C0CEFF /* ActivityCell.swift */; };
		5D2CA3852BB9DF1400C0CEFF /* UserRowView.swift in Sources */ = {isa = PBXBuildFile; fileRef = 5D2CA3842BB9DF1400C0CEFF /* UserRowView.swift */; };
		5D2CA38A2BB9E45700C0CEFF /* LoginView.swift in Sources */ = {isa = PBXBuildFile; fileRef = 5D2CA3892BB9E45700C0CEFF /* LoginView.swift */; };
		5D2CA38C2BB9E46200C0CEFF /* RegistrationView.swift in Sources */ = {isa = PBXBuildFile; fileRef = 5D2CA38B2BB9E46200C0CEFF /* RegistrationView.swift */; };
		5D2CA38E2BB9E4F600C0CEFF /* CustomInputField.swift in Sources */ = {isa = PBXBuildFile; fileRef = 5D2CA38D2BB9E4F600C0CEFF /* CustomInputField.swift */; };
		5D2CA3902BB9E58B00C0CEFF /* RoundedShape.swift in Sources */ = {isa = PBXBuildFile; fileRef = 5D2CA38F2BB9E58B00C0CEFF /* RoundedShape.swift */; };
		5D4D9E1D2BB5AEED007298A3 /* ProfileView.swift in Sources */ = {isa = PBXBuildFile; fileRef = 5D4D9E1C2BB5AEED007298A3 /* ProfileView.swift */; };
		5D4D9E232BB5B956007298A3 /* Navigation Extension.swift in Sources */ = {isa = PBXBuildFile; fileRef = 5D4D9E222BB5B956007298A3 /* Navigation Extension.swift */; };
		5D5887152BADD24900F24157 /* ExploreView.swift in Sources */ = {isa = PBXBuildFile; fileRef = 5D5887142BADD24900F24157 /* ExploreView.swift */; };
		5D5DADF62BC4407E0097CBF2 /* ExploreViewModel.swift in Sources */ = {isa = PBXBuildFile; fileRef = 5D5DADF52BC4407E0097CBF2 /* ExploreViewModel.swift */; };
		5D5DADF82BC445A20097CBF2 /* SearchBar.swift in Sources */ = {isa = PBXBuildFile; fileRef = 5D5DADF72BC445A20097CBF2 /* SearchBar.swift */; };
		5D6D3A432BA8A27F00B05937 /* ConstellationsApp.swift in Sources */ = {isa = PBXBuildFile; fileRef = 5D6D3A422BA8A27F00B05937 /* ConstellationsApp.swift */; };
		5D6D3A452BA8A27F00B05937 /* ContentView.swift in Sources */ = {isa = PBXBuildFile; fileRef = 5D6D3A442BA8A27F00B05937 /* ContentView.swift */; };
		5D6D3A472BA8A28100B05937 /* Assets.xcassets in Resources */ = {isa = PBXBuildFile; fileRef = 5D6D3A462BA8A28100B05937 /* Assets.xcassets */; };
		5D6D3A4A2BA8A28100B05937 /* Preview Assets.xcassets in Resources */ = {isa = PBXBuildFile; fileRef = 5D6D3A492BA8A28100B05937 /* Preview Assets.xcassets */; };
		5D6D3A542BA8A28100B05937 /* ConstellationsTests.swift in Sources */ = {isa = PBXBuildFile; fileRef = 5D6D3A532BA8A28100B05937 /* ConstellationsTests.swift */; };
		5D6D3A5E2BA8A28100B05937 /* ConstellationsUITests.swift in Sources */ = {isa = PBXBuildFile; fileRef = 5D6D3A5D2BA8A28100B05937 /* ConstellationsUITests.swift */; };
		5D6D3A602BA8A28100B05937 /* ConstellationsUITestsLaunchTests.swift in Sources */ = {isa = PBXBuildFile; fileRef = 5D6D3A5F2BA8A28100B05937 /* ConstellationsUITestsLaunchTests.swift */; };
		5D6D3A752BA8A56100B05937 /* FeedView.swift in Sources */ = {isa = PBXBuildFile; fileRef = 5D6D3A742BA8A56100B05937 /* FeedView.swift */; };
		5D6D3A782BA8A62100B05937 /* TweetRowView.swift in Sources */ = {isa = PBXBuildFile; fileRef = 5D6D3A772BA8A62100B05937 /* TweetRowView.swift */; };
		5D6FE9CB2BB0AB0600ECBCAC /* verdana-bold.ttf in Resources */ = {isa = PBXBuildFile; fileRef = 5D6FE9C82BB0AB0600ECBCAC /* verdana-bold.ttf */; };
		5D6FE9CC2BB0AB0600ECBCAC /* verdana-bold-italic.ttf in Resources */ = {isa = PBXBuildFile; fileRef = 5D6FE9C92BB0AB0600ECBCAC /* verdana-bold-italic.ttf */; };
		5D6FE9CD2BB0AB0600ECBCAC /* verdana.ttf in Resources */ = {isa = PBXBuildFile; fileRef = 5D6FE9CA2BB0AB0600ECBCAC /* verdana.ttf */; };
		5D9A35D82BC5B65D00DF0974 /* PlayerViewModel.swift in Sources */ = {isa = PBXBuildFile; fileRef = 5D9A35D72BC5B65D00DF0974 /* PlayerViewModel.swift */; };
		5D9A35DA2BC5B6E300DF0974 /* TweetService.swift in Sources */ = {isa = PBXBuildFile; fileRef = 5D9A35D92BC5B6E300DF0974 /* TweetService.swift */; };
		5D9A35DC2BC5B8DF00DF0974 /* ScoreService.swift in Sources */ = {isa = PBXBuildFile; fileRef = 5D9A35DB2BC5B8DF00DF0974 /* ScoreService.swift */; };
		5D9A35DE2BC5B94100DF0974 /* Score.swift in Sources */ = {isa = PBXBuildFile; fileRef = 5D9A35DD2BC5B94100DF0974 /* Score.swift */; };
		5DB347A92BAB694000F6446D /* FontManager.swift in Sources */ = {isa = PBXBuildFile; fileRef = 5DB347A82BAB694000F6446D /* FontManager.swift */; };
		5DB347AB2BAB812A00F6446D /* Color.swift in Sources */ = {isa = PBXBuildFile; fileRef = 5DB347AA2BAB812A00F6446D /* Color.swift */; };
		5DB347AE2BAB850300F6446D /* MainTabView.swift in Sources */ = {isa = PBXBuildFile; fileRef = 5DB347AD2BAB850300F6446D /* MainTabView.swift */; };
		5DB347B02BAB869900F6446D /* CustomTabBar.swift in Sources */ = {isa = PBXBuildFile; fileRef = 5DB347AF2BAB869900F6446D /* CustomTabBar.swift */; };
		5DBC944B2BBDF4C300B8D320 /* Special Rectangle.swift in Sources */ = {isa = PBXBuildFile; fileRef = 5DBC944A2BBDF4C300B8D320 /* Special Rectangle.swift */; };
		5DC560EF2BC4803900BCA125 /* SelectionView.swift in Sources */ = {isa = PBXBuildFile; fileRef = 5DC560EE2BC4803900BCA125 /* SelectionView.swift */; };
		5DC560F32BC4807600BCA125 /* SelectionCell.swift in Sources */ = {isa = PBXBuildFile; fileRef = 5DC560F22BC4807600BCA125 /* SelectionCell.swift */; };
		5DC560F92BC481CA00BCA125 /* MeditationView.swift in Sources */ = {isa = PBXBuildFile; fileRef = 5DC560F82BC481CA00BCA125 /* MeditationView.swift */; };
		5DC560FB2BC4876600BCA125 /* MeditationViewModel.swift in Sources */ = {isa = PBXBuildFile; fileRef = 5DC560FA2BC4876600BCA125 /* MeditationViewModel.swift */; };
		5DC560FD2BC4878E00BCA125 /* Meditation.swift in Sources */ = {isa = PBXBuildFile; fileRef = 5DC560FC2BC4878E00BCA125 /* Meditation.swift */; };
		5DC560FF2BC487D400BCA125 /* MeditationService.swift in Sources */ = {isa = PBXBuildFile; fileRef = 5DC560FE2BC487D400BCA125 /* MeditationService.swift */; };
		5DC561012BC48A0300BCA125 /* MeditationDataService.swift in Sources */ = {isa = PBXBuildFile; fileRef = 5DC561002BC48A0300BCA125 /* MeditationDataService.swift */; };
		5DC561052BC48F9C00BCA125 /* AlbumSectionView2.swift in Sources */ = {isa = PBXBuildFile; fileRef = 5DC561042BC48F9C00BCA125 /* AlbumSectionView2.swift */; };
		5DC561072BC4902300BCA125 /* PlayerView.swift in Sources */ = {isa = PBXBuildFile; fileRef = 5DC561062BC4902300BCA125 /* PlayerView.swift */; };
/* End PBXBuildFile section */

/* Begin PBXContainerItemProxy section */
		5D6D3A502BA8A28100B05937 /* PBXContainerItemProxy */ = {
			isa = PBXContainerItemProxy;
			containerPortal = 5D6D3A372BA8A27F00B05937 /* Project object */;
			proxyType = 1;
			remoteGlobalIDString = 5D6D3A3E2BA8A27F00B05937;
			remoteInfo = Constellations;
		};
		5D6D3A5A2BA8A28100B05937 /* PBXContainerItemProxy */ = {
			isa = PBXContainerItemProxy;
			containerPortal = 5D6D3A372BA8A27F00B05937 /* Project object */;
			proxyType = 1;
			remoteGlobalIDString = 5D6D3A3E2BA8A27F00B05937;
			remoteInfo = Constellations;
		};
/* End PBXContainerItemProxy section */

/* Begin PBXFileReference section */
		5D0C1EB92BBB1A8700B60817 /* GoogleService-Info.plist */ = {isa = PBXFileReference; lastKnownFileType = text.plist; path = "GoogleService-Info.plist"; sourceTree = SOURCE_ROOT; };
		5D0C1EC52BBC986F00B60817 /* AuthViewModel.swift */ = {isa = PBXFileReference; lastKnownFileType = sourcecode.swift; path = AuthViewModel.swift; sourceTree = "<group>"; };
		5D0C1EC72BBC9E1800B60817 /* Triangle.swift */ = {isa = PBXFileReference; lastKnownFileType = sourcecode.swift; path = Triangle.swift; sourceTree = "<group>"; };
		5D1D6B9D2BC1DBFB002C4020 /* UserService.swift */ = {isa = PBXFileReference; lastKnownFileType = sourcecode.swift; path = UserService.swift; sourceTree = "<group>"; };
		5D1D6B9F2BC1DF65002C4020 /* User.swift */ = {isa = PBXFileReference; lastKnownFileType = sourcecode.swift; path = User.swift; sourceTree = "<group>"; };
		5D1DC0B22BAF78540006208D /* MainTitleView.swift */ = {isa = PBXFileReference; lastKnownFileType = sourcecode.swift; path = MainTitleView.swift; sourceTree = "<group>"; };
		5D2CA3812BB9DCA700C0CEFF /* ActivityCell.swift */ = {isa = PBXFileReference; lastKnownFileType = sourcecode.swift; path = ActivityCell.swift; sourceTree = "<group>"; };
		5D2CA3842BB9DF1400C0CEFF /* UserRowView.swift */ = {isa = PBXFileReference; lastKnownFileType = sourcecode.swift; path = UserRowView.swift; sourceTree = "<group>"; };
		5D2CA3892BB9E45700C0CEFF /* LoginView.swift */ = {isa = PBXFileReference; lastKnownFileType = sourcecode.swift; path = LoginView.swift; sourceTree = "<group>"; };
		5D2CA38B2BB9E46200C0CEFF /* RegistrationView.swift */ = {isa = PBXFileReference; lastKnownFileType = sourcecode.swift; path = RegistrationView.swift; sourceTree = "<group>"; };
		5D2CA38D2BB9E4F600C0CEFF /* CustomInputField.swift */ = {isa = PBXFileReference; lastKnownFileType = sourcecode.swift; path = CustomInputField.swift; sourceTree = "<group>"; };
		5D2CA38F2BB9E58B00C0CEFF /* RoundedShape.swift */ = {isa = PBXFileReference; lastKnownFileType = sourcecode.swift; path = RoundedShape.swift; sourceTree = "<group>"; };
		5D4D9E1C2BB5AEED007298A3 /* ProfileView.swift */ = {isa = PBXFileReference; lastKnownFileType = sourcecode.swift; path = ProfileView.swift; sourceTree = "<group>"; };
		5D4D9E222BB5B956007298A3 /* Navigation Extension.swift */ = {isa = PBXFileReference; lastKnownFileType = sourcecode.swift; path = "Navigation Extension.swift"; sourceTree = "<group>"; };
		5D5887142BADD24900F24157 /* ExploreView.swift */ = {isa = PBXFileReference; lastKnownFileType = sourcecode.swift; path = ExploreView.swift; sourceTree = "<group>"; };
		5D5DADF52BC4407E0097CBF2 /* ExploreViewModel.swift */ = {isa = PBXFileReference; lastKnownFileType = sourcecode.swift; path = ExploreViewModel.swift; sourceTree = "<group>"; };
		5D5DADF72BC445A20097CBF2 /* SearchBar.swift */ = {isa = PBXFileReference; lastKnownFileType = sourcecode.swift; path = SearchBar.swift; sourceTree = "<group>"; };
		5D6D3A3F2BA8A27F00B05937 /* Constellations.app */ = {isa = PBXFileReference; explicitFileType = wrapper.application; includeInIndex = 0; path = Constellations.app; sourceTree = BUILT_PRODUCTS_DIR; };
		5D6D3A422BA8A27F00B05937 /* ConstellationsApp.swift */ = {isa = PBXFileReference; lastKnownFileType = sourcecode.swift; path = ConstellationsApp.swift; sourceTree = "<group>"; };
		5D6D3A442BA8A27F00B05937 /* ContentView.swift */ = {isa = PBXFileReference; lastKnownFileType = sourcecode.swift; path = ContentView.swift; sourceTree = "<group>"; };
		5D6D3A462BA8A28100B05937 /* Assets.xcassets */ = {isa = PBXFileReference; lastKnownFileType = folder.assetcatalog; path = Assets.xcassets; sourceTree = "<group>"; };
		5D6D3A492BA8A28100B05937 /* Preview Assets.xcassets */ = {isa = PBXFileReference; lastKnownFileType = folder.assetcatalog; path = "Preview Assets.xcassets"; sourceTree = "<group>"; };
		5D6D3A4F2BA8A28100B05937 /* ConstellationsTests.xctest */ = {isa = PBXFileReference; explicitFileType = wrapper.cfbundle; includeInIndex = 0; path = ConstellationsTests.xctest; sourceTree = BUILT_PRODUCTS_DIR; };
		5D6D3A532BA8A28100B05937 /* ConstellationsTests.swift */ = {isa = PBXFileReference; lastKnownFileType = sourcecode.swift; path = ConstellationsTests.swift; sourceTree = "<group>"; };
		5D6D3A592BA8A28100B05937 /* ConstellationsUITests.xctest */ = {isa = PBXFileReference; explicitFileType = wrapper.cfbundle; includeInIndex = 0; path = ConstellationsUITests.xctest; sourceTree = BUILT_PRODUCTS_DIR; };
		5D6D3A5D2BA8A28100B05937 /* ConstellationsUITests.swift */ = {isa = PBXFileReference; lastKnownFileType = sourcecode.swift; path = ConstellationsUITests.swift; sourceTree = "<group>"; };
		5D6D3A5F2BA8A28100B05937 /* ConstellationsUITestsLaunchTests.swift */ = {isa = PBXFileReference; lastKnownFileType = sourcecode.swift; path = ConstellationsUITestsLaunchTests.swift; sourceTree = "<group>"; };
		5D6D3A742BA8A56100B05937 /* FeedView.swift */ = {isa = PBXFileReference; lastKnownFileType = sourcecode.swift; path = FeedView.swift; sourceTree = "<group>"; };
		5D6D3A772BA8A62100B05937 /* TweetRowView.swift */ = {isa = PBXFileReference; lastKnownFileType = sourcecode.swift; path = TweetRowView.swift; sourceTree = "<group>"; };
		5D6FE9C82BB0AB0600ECBCAC /* verdana-bold.ttf */ = {isa = PBXFileReference; lastKnownFileType = file; path = "verdana-bold.ttf"; sourceTree = "<group>"; };
		5D6FE9C92BB0AB0600ECBCAC /* verdana-bold-italic.ttf */ = {isa = PBXFileReference; lastKnownFileType = file; path = "verdana-bold-italic.ttf"; sourceTree = "<group>"; };
		5D6FE9CA2BB0AB0600ECBCAC /* verdana.ttf */ = {isa = PBXFileReference; lastKnownFileType = file; path = verdana.ttf; sourceTree = "<group>"; };
		5D6FE9CE2BB0AC8200ECBCAC /* Info.plist */ = {isa = PBXFileReference; lastKnownFileType = text.plist; path = Info.plist; sourceTree = "<group>"; };
		5D9A35D72BC5B65D00DF0974 /* PlayerViewModel.swift */ = {isa = PBXFileReference; lastKnownFileType = sourcecode.swift; path = PlayerViewModel.swift; sourceTree = "<group>"; };
		5D9A35D92BC5B6E300DF0974 /* TweetService.swift */ = {isa = PBXFileReference; lastKnownFileType = sourcecode.swift; path = TweetService.swift; sourceTree = "<group>"; };
		5D9A35DB2BC5B8DF00DF0974 /* ScoreService.swift */ = {isa = PBXFileReference; lastKnownFileType = sourcecode.swift; path = ScoreService.swift; sourceTree = "<group>"; };
		5D9A35DD2BC5B94100DF0974 /* Score.swift */ = {isa = PBXFileReference; lastKnownFileType = sourcecode.swift; path = Score.swift; sourceTree = "<group>"; };
		5DB347A82BAB694000F6446D /* FontManager.swift */ = {isa = PBXFileReference; lastKnownFileType = sourcecode.swift; path = FontManager.swift; sourceTree = "<group>"; };
		5DB347AA2BAB812A00F6446D /* Color.swift */ = {isa = PBXFileReference; lastKnownFileType = sourcecode.swift; path = Color.swift; sourceTree = "<group>"; };
		5DB347AD2BAB850300F6446D /* MainTabView.swift */ = {isa = PBXFileReference; lastKnownFileType = sourcecode.swift; path = MainTabView.swift; sourceTree = "<group>"; };
		5DB347AF2BAB869900F6446D /* CustomTabBar.swift */ = {isa = PBXFileReference; lastKnownFileType = sourcecode.swift; path = CustomTabBar.swift; sourceTree = "<group>"; };
		5DBC944A2BBDF4C300B8D320 /* Special Rectangle.swift */ = {isa = PBXFileReference; lastKnownFileType = sourcecode.swift; path = "Special Rectangle.swift"; sourceTree = "<group>"; };
		5DC560EE2BC4803900BCA125 /* SelectionView.swift */ = {isa = PBXFileReference; lastKnownFileType = sourcecode.swift; path = SelectionView.swift; sourceTree = "<group>"; };
		5DC560F22BC4807600BCA125 /* SelectionCell.swift */ = {isa = PBXFileReference; lastKnownFileType = sourcecode.swift; path = SelectionCell.swift; sourceTree = "<group>"; };
		5DC560F82BC481CA00BCA125 /* MeditationView.swift */ = {isa = PBXFileReference; lastKnownFileType = sourcecode.swift; path = MeditationView.swift; sourceTree = "<group>"; };
		5DC560FA2BC4876600BCA125 /* MeditationViewModel.swift */ = {isa = PBXFileReference; lastKnownFileType = sourcecode.swift; path = MeditationViewModel.swift; sourceTree = "<group>"; };
		5DC560FC2BC4878E00BCA125 /* Meditation.swift */ = {isa = PBXFileReference; lastKnownFileType = sourcecode.swift; path = Meditation.swift; sourceTree = "<group>"; };
		5DC560FE2BC487D400BCA125 /* MeditationService.swift */ = {isa = PBXFileReference; lastKnownFileType = sourcecode.swift; path = MeditationService.swift; sourceTree = "<group>"; };
		5DC561002BC48A0300BCA125 /* MeditationDataService.swift */ = {isa = PBXFileReference; lastKnownFileType = sourcecode.swift; path = MeditationDataService.swift; sourceTree = "<group>"; };
		5DC561042BC48F9C00BCA125 /* AlbumSectionView2.swift */ = {isa = PBXFileReference; lastKnownFileType = sourcecode.swift; path = AlbumSectionView2.swift; sourceTree = "<group>"; };
		5DC561062BC4902300BCA125 /* PlayerView.swift */ = {isa = PBXFileReference; lastKnownFileType = sourcecode.swift; path = PlayerView.swift; sourceTree = "<group>"; };
/* End PBXFileReference section */

/* Begin PBXFrameworksBuildPhase section */
		5D6D3A3C2BA8A27F00B05937 /* Frameworks */ = {
			isa = PBXFrameworksBuildPhase;
			buildActionMask = 2147483647;
			files = (
				5D0C1EBD2BBB1CA400B60817 /* FirebaseAuth in Frameworks */,
				5D0C1EC32BBB1CA400B60817 /* FirebaseStorage in Frameworks */,
				5D0C1EBF2BBB1CA400B60817 /* FirebaseFirestore in Frameworks */,
				5D0C1EC12BBB1CA400B60817 /* FirebaseFirestoreSwift in Frameworks */,
			);
			runOnlyForDeploymentPostprocessing = 0;
		};
		5D6D3A4C2BA8A28100B05937 /* Frameworks */ = {
			isa = PBXFrameworksBuildPhase;
			buildActionMask = 2147483647;
			files = (
			);
			runOnlyForDeploymentPostprocessing = 0;
		};
		5D6D3A562BA8A28100B05937 /* Frameworks */ = {
			isa = PBXFrameworksBuildPhase;
			buildActionMask = 2147483647;
			files = (
			);
			runOnlyForDeploymentPostprocessing = 0;
		};
/* End PBXFrameworksBuildPhase section */

/* Begin PBXGroup section */
		5D2CA3802BB9DC8700C0CEFF /* ProfileButton */ = {
			isa = PBXGroup;
			children = (
				5D2CA3812BB9DCA700C0CEFF /* ActivityCell.swift */,
			);
			path = ProfileButton;
			sourceTree = "<group>";
		};
		5D2CA3832BB9DEFE00C0CEFF /* Users */ = {
			isa = PBXGroup;
			children = (
				5D2CA3842BB9DF1400C0CEFF /* UserRowView.swift */,
			);
			path = Users;
			sourceTree = "<group>";
		};
		5D2CA3862BB9E42D00C0CEFF /* Authentifications */ = {
			isa = PBXGroup;
			children = (
				5D2CA3882BB9E44100C0CEFF /* Views */,
				5D2CA3872BB9E43B00C0CEFF /* ViewModels */,
			);
			path = Authentifications;
			sourceTree = "<group>";
		};
		5D2CA3872BB9E43B00C0CEFF /* ViewModels */ = {
			isa = PBXGroup;
			children = (
				5D0C1EC52BBC986F00B60817 /* AuthViewModel.swift */,
			);
			path = ViewModels;
			sourceTree = "<group>";
		};
		5D2CA3882BB9E44100C0CEFF /* Views */ = {
			isa = PBXGroup;
			children = (
				5D2CA3892BB9E45700C0CEFF /* LoginView.swift */,
				5D2CA38B2BB9E46200C0CEFF /* RegistrationView.swift */,
			);
			path = Views;
			sourceTree = "<group>";
		};
		5D4D9E1A2BB5AED5007298A3 /* Views */ = {
			isa = PBXGroup;
			children = (
				5D4D9E1C2BB5AEED007298A3 /* ProfileView.swift */,
			);
			path = Views;
			sourceTree = "<group>";
		};
		5D4D9E1B2BB5AEDB007298A3 /* Viewmodels */ = {
			isa = PBXGroup;
			children = (
			);
			path = Viewmodels;
			sourceTree = "<group>";
		};
		5D5887122BADD20200F24157 /* Explore */ = {
			isa = PBXGroup;
			children = (
				5D5DADF42BC4406C0097CBF2 /* ViewModel */,
				5D5DADF32BC440600097CBF2 /* View */,
			);
			path = Explore;
			sourceTree = "<group>";
		};
		5D5887132BADD21100F24157 /* Profile */ = {
			isa = PBXGroup;
			children = (
				5D4D9E1B2BB5AEDB007298A3 /* Viewmodels */,
				5D4D9E1A2BB5AED5007298A3 /* Views */,
			);
			path = Profile;
			sourceTree = "<group>";
		};
		5D5DADF32BC440600097CBF2 /* View */ = {
			isa = PBXGroup;
			children = (
				5D5887142BADD24900F24157 /* ExploreView.swift */,
			);
			path = View;
			sourceTree = "<group>";
		};
		5D5DADF42BC4406C0097CBF2 /* ViewModel */ = {
			isa = PBXGroup;
			children = (
				5D5DADF52BC4407E0097CBF2 /* ExploreViewModel.swift */,
			);
			path = ViewModel;
			sourceTree = "<group>";
		};
		5D6D3A362BA8A27F00B05937 = {
			isa = PBXGroup;
			children = (
				5DB347A72BAB692500F6446D /* Universals */,
				5D6D3A412BA8A27F00B05937 /* Constellations */,
				5D6D3A522BA8A28100B05937 /* ConstellationsTests */,
				5D6D3A5C2BA8A28100B05937 /* ConstellationsUITests */,
				5D6D3A402BA8A27F00B05937 /* Products */,
			);
			sourceTree = "<group>";
		};
		5D6D3A402BA8A27F00B05937 /* Products */ = {
			isa = PBXGroup;
			children = (
				5D6D3A3F2BA8A27F00B05937 /* Constellations.app */,
				5D6D3A4F2BA8A28100B05937 /* ConstellationsTests.xctest */,
				5D6D3A592BA8A28100B05937 /* ConstellationsUITests.xctest */,
			);
			name = Products;
			sourceTree = "<group>";
		};
		5D6D3A412BA8A27F00B05937 /* Constellations */ = {
			isa = PBXGroup;
			children = (
				5DC560F52BC481A600BCA125 /* Meditation */,
				5D6FE9CE2BB0AC8200ECBCAC /* Info.plist */,
				5D6D3A6E2BA8A50A00B05937 /* Services */,
				5D6D3A6D2BA8A50400B05937 /* Models */,
				5D6D3A6C2BA8A4FA00B05937 /* Extensions */,
				5D6D3A6F2BA8A51200B05937 /* Core */,
				5D6D3A422BA8A27F00B05937 /* ConstellationsApp.swift */,
				5D6D3A442BA8A27F00B05937 /* ContentView.swift */,
				5D6D3A462BA8A28100B05937 /* Assets.xcassets */,
				5D0C1EB92BBB1A8700B60817 /* GoogleService-Info.plist */,
				5D6D3A482BA8A28100B05937 /* Preview Content */,
			);
			path = Constellations;
			sourceTree = "<group>";
		};
		5D6D3A482BA8A28100B05937 /* Preview Content */ = {
			isa = PBXGroup;
			children = (
				5D6D3A492BA8A28100B05937 /* Preview Assets.xcassets */,
			);
			path = "Preview Content";
			sourceTree = "<group>";
		};
		5D6D3A522BA8A28100B05937 /* ConstellationsTests */ = {
			isa = PBXGroup;
			children = (
				5D6D3A532BA8A28100B05937 /* ConstellationsTests.swift */,
			);
			path = ConstellationsTests;
			sourceTree = "<group>";
		};
		5D6D3A5C2BA8A28100B05937 /* ConstellationsUITests */ = {
			isa = PBXGroup;
			children = (
				5D6D3A5D2BA8A28100B05937 /* ConstellationsUITests.swift */,
				5D6D3A5F2BA8A28100B05937 /* ConstellationsUITestsLaunchTests.swift */,
			);
			path = ConstellationsUITests;
			sourceTree = "<group>";
		};
		5D6D3A6C2BA8A4FA00B05937 /* Extensions */ = {
			isa = PBXGroup;
			children = (
				5DB347AA2BAB812A00F6446D /* Color.swift */,
				5D4D9E222BB5B956007298A3 /* Navigation Extension.swift */,
			);
			path = Extensions;
			sourceTree = "<group>";
		};
		5D6D3A6D2BA8A50400B05937 /* Models */ = {
			isa = PBXGroup;
			children = (
				5D1D6B9F2BC1DF65002C4020 /* User.swift */,
				5DC560FC2BC4878E00BCA125 /* Meditation.swift */,
				5D9A35DD2BC5B94100DF0974 /* Score.swift */,
			);
			path = Models;
			sourceTree = "<group>";
		};
		5D6D3A6E2BA8A50A00B05937 /* Services */ = {
			isa = PBXGroup;
			children = (
				5D1D6B9D2BC1DBFB002C4020 /* UserService.swift */,
				5DC560FE2BC487D400BCA125 /* MeditationService.swift */,
				5DC561002BC48A0300BCA125 /* MeditationDataService.swift */,
				5D9A35D92BC5B6E300DF0974 /* TweetService.swift */,
				5D9A35DB2BC5B8DF00DF0974 /* ScoreService.swift */,
			);
			path = Services;
			sourceTree = "<group>";
		};
		5D6D3A6F2BA8A51200B05937 /* Core */ = {
			isa = PBXGroup;
			children = (
				5DC560EB2BC4800F00BCA125 /* SelectionView */,
				5D2CA3862BB9E42D00C0CEFF /* Authentifications */,
				5D5887132BADD21100F24157 /* Profile */,
				5D5887122BADD20200F24157 /* Explore */,
				5DB347AC2BAB84F200F6446D /* MainTab */,
				5D6D3A712BA8A53600B05937 /* Feed */,
				5D6D3A702BA8A52E00B05937 /* Components */,
			);
			path = Core;
			sourceTree = "<group>";
		};
		5D6D3A702BA8A52E00B05937 /* Components */ = {
			isa = PBXGroup;
			children = (
				5DC560F02BC4805C00BCA125 /* Cells */,
				5D2CA3832BB9DEFE00C0CEFF /* Users */,
				5D2CA3802BB9DC8700C0CEFF /* ProfileButton */,
				5D6D3A762BA8A5F100B05937 /* Tweets */,
				5D1DC0B22BAF78540006208D /* MainTitleView.swift */,
				5D2CA38D2BB9E4F600C0CEFF /* CustomInputField.swift */,
				5D2CA38F2BB9E58B00C0CEFF /* RoundedShape.swift */,
				5D0C1EC72BBC9E1800B60817 /* Triangle.swift */,
				5DBC944A2BBDF4C300B8D320 /* Special Rectangle.swift */,
				5D5DADF72BC445A20097CBF2 /* SearchBar.swift */,
				5DC561042BC48F9C00BCA125 /* AlbumSectionView2.swift */,
			);
			path = Components;
			sourceTree = "<group>";
		};
		5D6D3A712BA8A53600B05937 /* Feed */ = {
			isa = PBXGroup;
			children = (
				5D6D3A732BA8A54600B05937 /* View */,
				5D6D3A722BA8A53D00B05937 /* ViewModel */,
			);
			path = Feed;
			sourceTree = "<group>";
		};
		5D6D3A722BA8A53D00B05937 /* ViewModel */ = {
			isa = PBXGroup;
			children = (
			);
			path = ViewModel;
			sourceTree = "<group>";
		};
		5D6D3A732BA8A54600B05937 /* View */ = {
			isa = PBXGroup;
			children = (
				5D6D3A742BA8A56100B05937 /* FeedView.swift */,
			);
			path = View;
			sourceTree = "<group>";
		};
		5D6D3A762BA8A5F100B05937 /* Tweets */ = {
			isa = PBXGroup;
			children = (
				5D6D3A772BA8A62100B05937 /* TweetRowView.swift */,
			);
			path = Tweets;
			sourceTree = "<group>";
		};
		5D6FE9C72BB0AAE400ECBCAC /* Fonts */ = {
			isa = PBXGroup;
			children = (
				5D6FE9C92BB0AB0600ECBCAC /* verdana-bold-italic.ttf */,
				5D6FE9C82BB0AB0600ECBCAC /* verdana-bold.ttf */,
				5D6FE9CA2BB0AB0600ECBCAC /* verdana.ttf */,
			);
			path = Fonts;
			sourceTree = "<group>";
		};
		5DB347A72BAB692500F6446D /* Universals */ = {
			isa = PBXGroup;
			children = (
				5D6FE9C72BB0AAE400ECBCAC /* Fonts */,
				5DB347A82BAB694000F6446D /* FontManager.swift */,
			);
			path = Universals;
			sourceTree = "<group>";
		};
		5DB347AC2BAB84F200F6446D /* MainTab */ = {
			isa = PBXGroup;
			children = (
				5DB347AD2BAB850300F6446D /* MainTabView.swift */,
				5DB347AF2BAB869900F6446D /* CustomTabBar.swift */,
			);
			path = MainTab;
			sourceTree = "<group>";
		};
		5DC560EB2BC4800F00BCA125 /* SelectionView */ = {
			isa = PBXGroup;
			children = (
				5DC560ED2BC4802200BCA125 /* ViewModel */,
				5DC560EC2BC4801B00BCA125 /* View */,
			);
			path = SelectionView;
			sourceTree = "<group>";
		};
		5DC560EC2BC4801B00BCA125 /* View */ = {
			isa = PBXGroup;
			children = (
				5DC560EE2BC4803900BCA125 /* SelectionView.swift */,
			);
			path = View;
			sourceTree = "<group>";
		};
		5DC560ED2BC4802200BCA125 /* ViewModel */ = {
			isa = PBXGroup;
			children = (
			);
			path = ViewModel;
			sourceTree = "<group>";
		};
		5DC560F02BC4805C00BCA125 /* Cells */ = {
			isa = PBXGroup;
			children = (
				5DC560F12BC4806600BCA125 /* View */,
			);
			path = Cells;
			sourceTree = "<group>";
		};
		5DC560F12BC4806600BCA125 /* View */ = {
			isa = PBXGroup;
			children = (
				5DC560F22BC4807600BCA125 /* SelectionCell.swift */,
			);
			path = View;
			sourceTree = "<group>";
		};
		5DC560F52BC481A600BCA125 /* Meditation */ = {
			isa = PBXGroup;
			children = (
				5DC560F72BC481B900BCA125 /* ViewModel */,
				5DC560F62BC481B300BCA125 /* Views */,
			);
			path = Meditation;
			sourceTree = "<group>";
		};
		5DC560F62BC481B300BCA125 /* Views */ = {
			isa = PBXGroup;
			children = (
				5DC560F82BC481CA00BCA125 /* MeditationView.swift */,
				5DC561062BC4902300BCA125 /* PlayerView.swift */,
			);
			path = Views;
			sourceTree = "<group>";
		};
		5DC560F72BC481B900BCA125 /* ViewModel */ = {
			isa = PBXGroup;
			children = (
				5DC560FA2BC4876600BCA125 /* MeditationViewModel.swift */,
				5D9A35D72BC5B65D00DF0974 /* PlayerViewModel.swift */,
			);
			path = ViewModel;
			sourceTree = "<group>";
		};
/* End PBXGroup section */

/* Begin PBXNativeTarget section */
		5D6D3A3E2BA8A27F00B05937 /* Constellations */ = {
			isa = PBXNativeTarget;
			buildConfigurationList = 5D6D3A632BA8A28100B05937 /* Build configuration list for PBXNativeTarget "Constellations" */;
			buildPhases = (
				5D6D3A3B2BA8A27F00B05937 /* Sources */,
				5D6D3A3C2BA8A27F00B05937 /* Frameworks */,
				5D6D3A3D2BA8A27F00B05937 /* Resources */,
			);
			buildRules = (
			);
			dependencies = (
			);
			name = Constellations;
			packageProductDependencies = (
				5D0C1EBC2BBB1CA400B60817 /* FirebaseAuth */,
				5D0C1EBE2BBB1CA400B60817 /* FirebaseFirestore */,
				5D0C1EC02BBB1CA400B60817 /* FirebaseFirestoreSwift */,
				5D0C1EC22BBB1CA400B60817 /* FirebaseStorage */,
			);
			productName = Constellations;
			productReference = 5D6D3A3F2BA8A27F00B05937 /* Constellations.app */;
			productType = "com.apple.product-type.application";
		};
		5D6D3A4E2BA8A28100B05937 /* ConstellationsTests */ = {
			isa = PBXNativeTarget;
			buildConfigurationList = 5D6D3A662BA8A28100B05937 /* Build configuration list for PBXNativeTarget "ConstellationsTests" */;
			buildPhases = (
				5D6D3A4B2BA8A28100B05937 /* Sources */,
				5D6D3A4C2BA8A28100B05937 /* Frameworks */,
				5D6D3A4D2BA8A28100B05937 /* Resources */,
			);
			buildRules = (
			);
			dependencies = (
				5D6D3A512BA8A28100B05937 /* PBXTargetDependency */,
			);
			name = ConstellationsTests;
			productName = ConstellationsTests;
			productReference = 5D6D3A4F2BA8A28100B05937 /* ConstellationsTests.xctest */;
			productType = "com.apple.product-type.bundle.unit-test";
		};
		5D6D3A582BA8A28100B05937 /* ConstellationsUITests */ = {
			isa = PBXNativeTarget;
			buildConfigurationList = 5D6D3A692BA8A28100B05937 /* Build configuration list for PBXNativeTarget "ConstellationsUITests" */;
			buildPhases = (
				5D6D3A552BA8A28100B05937 /* Sources */,
				5D6D3A562BA8A28100B05937 /* Frameworks */,
				5D6D3A572BA8A28100B05937 /* Resources */,
			);
			buildRules = (
			);
			dependencies = (
				5D6D3A5B2BA8A28100B05937 /* PBXTargetDependency */,
			);
			name = ConstellationsUITests;
			productName = ConstellationsUITests;
			productReference = 5D6D3A592BA8A28100B05937 /* ConstellationsUITests.xctest */;
			productType = "com.apple.product-type.bundle.ui-testing";
		};
/* End PBXNativeTarget section */

/* Begin PBXProject section */
		5D6D3A372BA8A27F00B05937 /* Project object */ = {
			isa = PBXProject;
			attributes = {
				BuildIndependentTargetsInParallel = 1;
				LastSwiftUpdateCheck = 1520;
				LastUpgradeCheck = 1520;
				TargetAttributes = {
					5D6D3A3E2BA8A27F00B05937 = {
						CreatedOnToolsVersion = 15.2;
					};
					5D6D3A4E2BA8A28100B05937 = {
						CreatedOnToolsVersion = 15.2;
						TestTargetID = 5D6D3A3E2BA8A27F00B05937;
					};
					5D6D3A582BA8A28100B05937 = {
						CreatedOnToolsVersion = 15.2;
						TestTargetID = 5D6D3A3E2BA8A27F00B05937;
					};
				};
			};
			buildConfigurationList = 5D6D3A3A2BA8A27F00B05937 /* Build configuration list for PBXProject "Constellations" */;
			compatibilityVersion = "Xcode 14.0";
			developmentRegion = en;
			hasScannedForEncodings = 0;
			knownRegions = (
				en,
				Base,
			);
			mainGroup = 5D6D3A362BA8A27F00B05937;
			packageReferences = (
				5D0C1EBB2BBB1CA400B60817 /* XCRemoteSwiftPackageReference "firebase-ios-sdk" */,
			);
			productRefGroup = 5D6D3A402BA8A27F00B05937 /* Products */;
			projectDirPath = "";
			projectRoot = "";
			targets = (
				5D6D3A3E2BA8A27F00B05937 /* Constellations */,
				5D6D3A4E2BA8A28100B05937 /* ConstellationsTests */,
				5D6D3A582BA8A28100B05937 /* ConstellationsUITests */,
			);
		};
/* End PBXProject section */

/* Begin PBXResourcesBuildPhase section */
		5D6D3A3D2BA8A27F00B05937 /* Resources */ = {
			isa = PBXResourcesBuildPhase;
			buildActionMask = 2147483647;
			files = (
				5D6D3A4A2BA8A28100B05937 /* Preview Assets.xcassets in Resources */,
				5D6FE9CC2BB0AB0600ECBCAC /* verdana-bold-italic.ttf in Resources */,
				5D6FE9CB2BB0AB0600ECBCAC /* verdana-bold.ttf in Resources */,
				5D6D3A472BA8A28100B05937 /* Assets.xcassets in Resources */,
				5D6FE9CD2BB0AB0600ECBCAC /* verdana.ttf in Resources */,
				5D0C1EBA2BBB1A8700B60817 /* GoogleService-Info.plist in Resources */,
			);
			runOnlyForDeploymentPostprocessing = 0;
		};
		5D6D3A4D2BA8A28100B05937 /* Resources */ = {
			isa = PBXResourcesBuildPhase;
			buildActionMask = 2147483647;
			files = (
			);
			runOnlyForDeploymentPostprocessing = 0;
		};
		5D6D3A572BA8A28100B05937 /* Resources */ = {
			isa = PBXResourcesBuildPhase;
			buildActionMask = 2147483647;
			files = (
			);
			runOnlyForDeploymentPostprocessing = 0;
		};
/* End PBXResourcesBuildPhase section */

/* Begin PBXSourcesBuildPhase section */
		5D6D3A3B2BA8A27F00B05937 /* Sources */ = {
			isa = PBXSourcesBuildPhase;
			buildActionMask = 2147483647;
			files = (
				5D2CA3852BB9DF1400C0CEFF /* UserRowView.swift in Sources */,
				5DB347A92BAB694000F6446D /* FontManager.swift in Sources */,
				5D5887152BADD24900F24157 /* ExploreView.swift in Sources */,
				5D2CA38A2BB9E45700C0CEFF /* LoginView.swift in Sources */,
				5D6D3A452BA8A27F00B05937 /* ContentView.swift in Sources */,
				5D2CA38E2BB9E4F600C0CEFF /* CustomInputField.swift in Sources */,
				5D1D6B9E2BC1DBFB002C4020 /* UserService.swift in Sources */,
				5D5DADF82BC445A20097CBF2 /* SearchBar.swift in Sources */,
				5D0C1EC62BBC986F00B60817 /* AuthViewModel.swift in Sources */,
				5D9A35DC2BC5B8DF00DF0974 /* ScoreService.swift in Sources */,
				5D0C1EC82BBC9E1800B60817 /* Triangle.swift in Sources */,
				5DB347B02BAB869900F6446D /* CustomTabBar.swift in Sources */,
				5D6D3A782BA8A62100B05937 /* TweetRowView.swift in Sources */,
				5D2CA38C2BB9E46200C0CEFF /* RegistrationView.swift in Sources */,
				5D5DADF62BC4407E0097CBF2 /* ExploreViewModel.swift in Sources */,
				5D6D3A752BA8A56100B05937 /* FeedView.swift in Sources */,
				5DC561012BC48A0300BCA125 /* MeditationDataService.swift in Sources */,
				5DC560FD2BC4878E00BCA125 /* Meditation.swift in Sources */,
				5DC560EF2BC4803900BCA125 /* SelectionView.swift in Sources */,
				5DC560F92BC481CA00BCA125 /* MeditationView.swift in Sources */,
				5D1DC0B32BAF78540006208D /* MainTitleView.swift in Sources */,
				5D2CA3902BB9E58B00C0CEFF /* RoundedShape.swift in Sources */,
				5DC560FF2BC487D400BCA125 /* MeditationService.swift in Sources */,
				5DBC944B2BBDF4C300B8D320 /* Special Rectangle.swift in Sources */,
				5DC561072BC4902300BCA125 /* PlayerView.swift in Sources */,
				5D2CA3822BB9DCA700C0CEFF /* ActivityCell.swift in Sources */,
				5DC560F32BC4807600BCA125 /* SelectionCell.swift in Sources */,
				5D9A35D82BC5B65D00DF0974 /* PlayerViewModel.swift in Sources */,
				5DC560FB2BC4876600BCA125 /* MeditationViewModel.swift in Sources */,
				5DB347AE2BAB850300F6446D /* MainTabView.swift in Sources */,
				5D6D3A432BA8A27F00B05937 /* ConstellationsApp.swift in Sources */,
				5D4D9E1D2BB5AEED007298A3 /* ProfileView.swift in Sources */,
				5D9A35DE2BC5B94100DF0974 /* Score.swift in Sources */,
				5D4D9E232BB5B956007298A3 /* Navigation Extension.swift in Sources */,
				5DC561052BC48F9C00BCA125 /* AlbumSectionView2.swift in Sources */,
				5DB347AB2BAB812A00F6446D /* Color.swift in Sources */,
				5D1D6BA02BC1DF65002C4020 /* User.swift in Sources */,
				5D9A35DA2BC5B6E300DF0974 /* TweetService.swift in Sources */,
			);
			runOnlyForDeploymentPostprocessing = 0;
		};
		5D6D3A4B2BA8A28100B05937 /* Sources */ = {
			isa = PBXSourcesBuildPhase;
			buildActionMask = 2147483647;
			files = (
				5D6D3A542BA8A28100B05937 /* ConstellationsTests.swift in Sources */,
			);
			runOnlyForDeploymentPostprocessing = 0;
		};
		5D6D3A552BA8A28100B05937 /* Sources */ = {
			isa = PBXSourcesBuildPhase;
			buildActionMask = 2147483647;
			files = (
				5D6D3A602BA8A28100B05937 /* ConstellationsUITestsLaunchTests.swift in Sources */,
				5D6D3A5E2BA8A28100B05937 /* ConstellationsUITests.swift in Sources */,
			);
			runOnlyForDeploymentPostprocessing = 0;
		};
/* End PBXSourcesBuildPhase section */

/* Begin PBXTargetDependency section */
		5D6D3A512BA8A28100B05937 /* PBXTargetDependency */ = {
			isa = PBXTargetDependency;
			target = 5D6D3A3E2BA8A27F00B05937 /* Constellations */;
			targetProxy = 5D6D3A502BA8A28100B05937 /* PBXContainerItemProxy */;
		};
		5D6D3A5B2BA8A28100B05937 /* PBXTargetDependency */ = {
			isa = PBXTargetDependency;
			target = 5D6D3A3E2BA8A27F00B05937 /* Constellations */;
			targetProxy = 5D6D3A5A2BA8A28100B05937 /* PBXContainerItemProxy */;
		};
/* End PBXTargetDependency section */

/* Begin XCBuildConfiguration section */
		5D6D3A612BA8A28100B05937 /* Debug */ = {
			isa = XCBuildConfiguration;
			buildSettings = {
				ALWAYS_SEARCH_USER_PATHS = NO;
				ASSETCATALOG_COMPILER_GENERATE_SWIFT_ASSET_SYMBOL_EXTENSIONS = YES;
				CLANG_ANALYZER_NONNULL = YES;
				CLANG_ANALYZER_NUMBER_OBJECT_CONVERSION = YES_AGGRESSIVE;
				CLANG_CXX_LANGUAGE_STANDARD = "gnu++20";
				CLANG_ENABLE_MODULES = YES;
				CLANG_ENABLE_OBJC_ARC = YES;
				CLANG_ENABLE_OBJC_WEAK = YES;
				CLANG_WARN_BLOCK_CAPTURE_AUTORELEASING = YES;
				CLANG_WARN_BOOL_CONVERSION = YES;
				CLANG_WARN_COMMA = YES;
				CLANG_WARN_CONSTANT_CONVERSION = YES;
				CLANG_WARN_DEPRECATED_OBJC_IMPLEMENTATIONS = YES;
				CLANG_WARN_DIRECT_OBJC_ISA_USAGE = YES_ERROR;
				CLANG_WARN_DOCUMENTATION_COMMENTS = YES;
				CLANG_WARN_EMPTY_BODY = YES;
				CLANG_WARN_ENUM_CONVERSION = YES;
				CLANG_WARN_INFINITE_RECURSION = YES;
				CLANG_WARN_INT_CONVERSION = YES;
				CLANG_WARN_NON_LITERAL_NULL_CONVERSION = YES;
				CLANG_WARN_OBJC_IMPLICIT_RETAIN_SELF = YES;
				CLANG_WARN_OBJC_LITERAL_CONVERSION = YES;
				CLANG_WARN_OBJC_ROOT_CLASS = YES_ERROR;
				CLANG_WARN_QUOTED_INCLUDE_IN_FRAMEWORK_HEADER = YES;
				CLANG_WARN_RANGE_LOOP_ANALYSIS = YES;
				CLANG_WARN_STRICT_PROTOTYPES = YES;
				CLANG_WARN_SUSPICIOUS_MOVE = YES;
				CLANG_WARN_UNGUARDED_AVAILABILITY = YES_AGGRESSIVE;
				CLANG_WARN_UNREACHABLE_CODE = YES;
				CLANG_WARN__DUPLICATE_METHOD_MATCH = YES;
				COPY_PHASE_STRIP = NO;
				DEBUG_INFORMATION_FORMAT = dwarf;
				ENABLE_STRICT_OBJC_MSGSEND = YES;
				ENABLE_TESTABILITY = YES;
				ENABLE_USER_SCRIPT_SANDBOXING = YES;
				GCC_C_LANGUAGE_STANDARD = gnu17;
				GCC_DYNAMIC_NO_PIC = NO;
				GCC_NO_COMMON_BLOCKS = YES;
				GCC_OPTIMIZATION_LEVEL = 0;
				GCC_PREPROCESSOR_DEFINITIONS = (
					"DEBUG=1",
					"$(inherited)",
				);
				GCC_WARN_64_TO_32_BIT_CONVERSION = YES;
				GCC_WARN_ABOUT_RETURN_TYPE = YES_ERROR;
				GCC_WARN_UNDECLARED_SELECTOR = YES;
				GCC_WARN_UNINITIALIZED_AUTOS = YES_AGGRESSIVE;
				GCC_WARN_UNUSED_FUNCTION = YES;
				GCC_WARN_UNUSED_VARIABLE = YES;
				IPHONEOS_DEPLOYMENT_TARGET = 17.2;
				LOCALIZATION_PREFERS_STRING_CATALOGS = YES;
				MTL_ENABLE_DEBUG_INFO = INCLUDE_SOURCE;
				MTL_FAST_MATH = YES;
				ONLY_ACTIVE_ARCH = YES;
				SDKROOT = iphoneos;
				SWIFT_ACTIVE_COMPILATION_CONDITIONS = "DEBUG $(inherited)";
				SWIFT_OPTIMIZATION_LEVEL = "-Onone";
			};
			name = Debug;
		};
		5D6D3A622BA8A28100B05937 /* Release */ = {
			isa = XCBuildConfiguration;
			buildSettings = {
				ALWAYS_SEARCH_USER_PATHS = NO;
				ASSETCATALOG_COMPILER_GENERATE_SWIFT_ASSET_SYMBOL_EXTENSIONS = YES;
				CLANG_ANALYZER_NONNULL = YES;
				CLANG_ANALYZER_NUMBER_OBJECT_CONVERSION = YES_AGGRESSIVE;
				CLANG_CXX_LANGUAGE_STANDARD = "gnu++20";
				CLANG_ENABLE_MODULES = YES;
				CLANG_ENABLE_OBJC_ARC = YES;
				CLANG_ENABLE_OBJC_WEAK = YES;
				CLANG_WARN_BLOCK_CAPTURE_AUTORELEASING = YES;
				CLANG_WARN_BOOL_CONVERSION = YES;
				CLANG_WARN_COMMA = YES;
				CLANG_WARN_CONSTANT_CONVERSION = YES;
				CLANG_WARN_DEPRECATED_OBJC_IMPLEMENTATIONS = YES;
				CLANG_WARN_DIRECT_OBJC_ISA_USAGE = YES_ERROR;
				CLANG_WARN_DOCUMENTATION_COMMENTS = YES;
				CLANG_WARN_EMPTY_BODY = YES;
				CLANG_WARN_ENUM_CONVERSION = YES;
				CLANG_WARN_INFINITE_RECURSION = YES;
				CLANG_WARN_INT_CONVERSION = YES;
				CLANG_WARN_NON_LITERAL_NULL_CONVERSION = YES;
				CLANG_WARN_OBJC_IMPLICIT_RETAIN_SELF = YES;
				CLANG_WARN_OBJC_LITERAL_CONVERSION = YES;
				CLANG_WARN_OBJC_ROOT_CLASS = YES_ERROR;
				CLANG_WARN_QUOTED_INCLUDE_IN_FRAMEWORK_HEADER = YES;
				CLANG_WARN_RANGE_LOOP_ANALYSIS = YES;
				CLANG_WARN_STRICT_PROTOTYPES = YES;
				CLANG_WARN_SUSPICIOUS_MOVE = YES;
				CLANG_WARN_UNGUARDED_AVAILABILITY = YES_AGGRESSIVE;
				CLANG_WARN_UNREACHABLE_CODE = YES;
				CLANG_WARN__DUPLICATE_METHOD_MATCH = YES;
				COPY_PHASE_STRIP = NO;
				DEBUG_INFORMATION_FORMAT = "dwarf-with-dsym";
				ENABLE_NS_ASSERTIONS = NO;
				ENABLE_STRICT_OBJC_MSGSEND = YES;
				ENABLE_USER_SCRIPT_SANDBOXING = YES;
				GCC_C_LANGUAGE_STANDARD = gnu17;
				GCC_NO_COMMON_BLOCKS = YES;
				GCC_WARN_64_TO_32_BIT_CONVERSION = YES;
				GCC_WARN_ABOUT_RETURN_TYPE = YES_ERROR;
				GCC_WARN_UNDECLARED_SELECTOR = YES;
				GCC_WARN_UNINITIALIZED_AUTOS = YES_AGGRESSIVE;
				GCC_WARN_UNUSED_FUNCTION = YES;
				GCC_WARN_UNUSED_VARIABLE = YES;
				IPHONEOS_DEPLOYMENT_TARGET = 17.2;
				LOCALIZATION_PREFERS_STRING_CATALOGS = YES;
				MTL_ENABLE_DEBUG_INFO = NO;
				MTL_FAST_MATH = YES;
				SDKROOT = iphoneos;
				SWIFT_COMPILATION_MODE = wholemodule;
				VALIDATE_PRODUCT = YES;
			};
			name = Release;
		};
		5D6D3A642BA8A28100B05937 /* Debug */ = {
			isa = XCBuildConfiguration;
			buildSettings = {
				ASSETCATALOG_COMPILER_APPICON_NAME = AppIcon;
				ASSETCATALOG_COMPILER_GLOBAL_ACCENT_COLOR_NAME = AccentColor;
				CODE_SIGN_STYLE = Automatic;
				CURRENT_PROJECT_VERSION = 1;
				DEVELOPMENT_ASSET_PATHS = "\"Constellations/Preview Content\"";
				ENABLE_PREVIEWS = YES;
				GENERATE_INFOPLIST_FILE = YES;
				INFOPLIST_FILE = Constellations/Info.plist;
				INFOPLIST_KEY_UIApplicationSceneManifest_Generation = YES;
				INFOPLIST_KEY_UIApplicationSupportsIndirectInputEvents = YES;
				INFOPLIST_KEY_UILaunchScreen_Generation = YES;
				INFOPLIST_KEY_UISupportedInterfaceOrientations_iPad = "UIInterfaceOrientationPortrait UIInterfaceOrientationPortraitUpsideDown UIInterfaceOrientationLandscapeLeft UIInterfaceOrientationLandscapeRight";
				INFOPLIST_KEY_UISupportedInterfaceOrientations_iPhone = "UIInterfaceOrientationPortrait UIInterfaceOrientationLandscapeLeft UIInterfaceOrientationLandscapeRight";
				LD_RUNPATH_SEARCH_PATHS = (
					"$(inherited)",
					"@executable_path/Frameworks",
				);
				MARKETING_VERSION = 1.0;
				PRODUCT_BUNDLE_IDENTIFIER = Charles.Constellations;
				PRODUCT_NAME = "$(TARGET_NAME)";
				SWIFT_EMIT_LOC_STRINGS = YES;
				SWIFT_VERSION = 5.0;
				TARGETED_DEVICE_FAMILY = "1,2";
			};
			name = Debug;
		};
		5D6D3A652BA8A28100B05937 /* Release */ = {
			isa = XCBuildConfiguration;
			buildSettings = {
				ASSETCATALOG_COMPILER_APPICON_NAME = AppIcon;
				ASSETCATALOG_COMPILER_GLOBAL_ACCENT_COLOR_NAME = AccentColor;
				CODE_SIGN_STYLE = Automatic;
				CURRENT_PROJECT_VERSION = 1;
				DEVELOPMENT_ASSET_PATHS = "\"Constellations/Preview Content\"";
				ENABLE_PREVIEWS = YES;
				GENERATE_INFOPLIST_FILE = YES;
				INFOPLIST_FILE = Constellations/Info.plist;
				INFOPLIST_KEY_UIApplicationSceneManifest_Generation = YES;
				INFOPLIST_KEY_UIApplicationSupportsIndirectInputEvents = YES;
				INFOPLIST_KEY_UILaunchScreen_Generation = YES;
				INFOPLIST_KEY_UISupportedInterfaceOrientations_iPad = "UIInterfaceOrientationPortrait UIInterfaceOrientationPortraitUpsideDown UIInterfaceOrientationLandscapeLeft UIInterfaceOrientationLandscapeRight";
				INFOPLIST_KEY_UISupportedInterfaceOrientations_iPhone = "UIInterfaceOrientationPortrait UIInterfaceOrientationLandscapeLeft UIInterfaceOrientationLandscapeRight";
				LD_RUNPATH_SEARCH_PATHS = (
					"$(inherited)",
					"@executable_path/Frameworks",
				);
				MARKETING_VERSION = 1.0;
				PRODUCT_BUNDLE_IDENTIFIER = Charles.Constellations;
				PRODUCT_NAME = "$(TARGET_NAME)";
				SWIFT_EMIT_LOC_STRINGS = YES;
				SWIFT_VERSION = 5.0;
				TARGETED_DEVICE_FAMILY = "1,2";
			};
			name = Release;
		};
		5D6D3A672BA8A28100B05937 /* Debug */ = {
			isa = XCBuildConfiguration;
			buildSettings = {
				ALWAYS_EMBED_SWIFT_STANDARD_LIBRARIES = YES;
				BUNDLE_LOADER = "$(TEST_HOST)";
				CODE_SIGN_STYLE = Automatic;
				CURRENT_PROJECT_VERSION = 1;
				GENERATE_INFOPLIST_FILE = YES;
				IPHONEOS_DEPLOYMENT_TARGET = 17.2;
				MARKETING_VERSION = 1.0;
				PRODUCT_BUNDLE_IDENTIFIER = Charles.ConstellationsTests;
				PRODUCT_NAME = "$(TARGET_NAME)";
				SWIFT_EMIT_LOC_STRINGS = NO;
				SWIFT_VERSION = 5.0;
				TARGETED_DEVICE_FAMILY = "1,2";
				TEST_HOST = "$(BUILT_PRODUCTS_DIR)/Constellations.app/$(BUNDLE_EXECUTABLE_FOLDER_PATH)/Constellations";
			};
			name = Debug;
		};
		5D6D3A682BA8A28100B05937 /* Release */ = {
			isa = XCBuildConfiguration;
			buildSettings = {
				ALWAYS_EMBED_SWIFT_STANDARD_LIBRARIES = YES;
				BUNDLE_LOADER = "$(TEST_HOST)";
				CODE_SIGN_STYLE = Automatic;
				CURRENT_PROJECT_VERSION = 1;
				GENERATE_INFOPLIST_FILE = YES;
				IPHONEOS_DEPLOYMENT_TARGET = 17.2;
				MARKETING_VERSION = 1.0;
				PRODUCT_BUNDLE_IDENTIFIER = Charles.ConstellationsTests;
				PRODUCT_NAME = "$(TARGET_NAME)";
				SWIFT_EMIT_LOC_STRINGS = NO;
				SWIFT_VERSION = 5.0;
				TARGETED_DEVICE_FAMILY = "1,2";
				TEST_HOST = "$(BUILT_PRODUCTS_DIR)/Constellations.app/$(BUNDLE_EXECUTABLE_FOLDER_PATH)/Constellations";
			};
			name = Release;
		};
		5D6D3A6A2BA8A28100B05937 /* Debug */ = {
			isa = XCBuildConfiguration;
			buildSettings = {
				ALWAYS_EMBED_SWIFT_STANDARD_LIBRARIES = YES;
				CODE_SIGN_STYLE = Automatic;
				CURRENT_PROJECT_VERSION = 1;
				GENERATE_INFOPLIST_FILE = YES;
				MARKETING_VERSION = 1.0;
				PRODUCT_BUNDLE_IDENTIFIER = Charles.ConstellationsUITests;
				PRODUCT_NAME = "$(TARGET_NAME)";
				SWIFT_EMIT_LOC_STRINGS = NO;
				SWIFT_VERSION = 5.0;
				TARGETED_DEVICE_FAMILY = "1,2";
				TEST_TARGET_NAME = Constellations;
			};
			name = Debug;
		};
		5D6D3A6B2BA8A28100B05937 /* Release */ = {
			isa = XCBuildConfiguration;
			buildSettings = {
				ALWAYS_EMBED_SWIFT_STANDARD_LIBRARIES = YES;
				CODE_SIGN_STYLE = Automatic;
				CURRENT_PROJECT_VERSION = 1;
				GENERATE_INFOPLIST_FILE = YES;
				MARKETING_VERSION = 1.0;
				PRODUCT_BUNDLE_IDENTIFIER = Charles.ConstellationsUITests;
				PRODUCT_NAME = "$(TARGET_NAME)";
				SWIFT_EMIT_LOC_STRINGS = NO;
				SWIFT_VERSION = 5.0;
				TARGETED_DEVICE_FAMILY = "1,2";
				TEST_TARGET_NAME = Constellations;
			};
			name = Release;
		};
/* End XCBuildConfiguration section */

/* Begin XCConfigurationList section */
		5D6D3A3A2BA8A27F00B05937 /* Build configuration list for PBXProject "Constellations" */ = {
			isa = XCConfigurationList;
			buildConfigurations = (
				5D6D3A612BA8A28100B05937 /* Debug */,
				5D6D3A622BA8A28100B05937 /* Release */,
			);
			defaultConfigurationIsVisible = 0;
			defaultConfigurationName = Release;
		};
		5D6D3A632BA8A28100B05937 /* Build configuration list for PBXNativeTarget "Constellations" */ = {
			isa = XCConfigurationList;
			buildConfigurations = (
				5D6D3A642BA8A28100B05937 /* Debug */,
				5D6D3A652BA8A28100B05937 /* Release */,
			);
			defaultConfigurationIsVisible = 0;
			defaultConfigurationName = Release;
		};
		5D6D3A662BA8A28100B05937 /* Build configuration list for PBXNativeTarget "ConstellationsTests" */ = {
			isa = XCConfigurationList;
			buildConfigurations = (
				5D6D3A672BA8A28100B05937 /* Debug */,
				5D6D3A682BA8A28100B05937 /* Release */,
			);
			defaultConfigurationIsVisible = 0;
			defaultConfigurationName = Release;
		};
		5D6D3A692BA8A28100B05937 /* Build configuration list for PBXNativeTarget "ConstellationsUITests" */ = {
			isa = XCConfigurationList;
			buildConfigurations = (
				5D6D3A6A2BA8A28100B05937 /* Debug */,
				5D6D3A6B2BA8A28100B05937 /* Release */,
			);
			defaultConfigurationIsVisible = 0;
			defaultConfigurationName = Release;
		};
/* End XCConfigurationList section */

/* Begin XCRemoteSwiftPackageReference section */
		5D0C1EBB2BBB1CA400B60817 /* XCRemoteSwiftPackageReference "firebase-ios-sdk" */ = {
			isa = XCRemoteSwiftPackageReference;
			repositoryURL = "https://github.com/firebase/firebase-ios-sdk";
			requirement = {
				kind = upToNextMajorVersion;
				minimumVersion = 10.23.1;
			};
		};
/* End XCRemoteSwiftPackageReference section */

/* Begin XCSwiftPackageProductDependency section */
		5D0C1EBC2BBB1CA400B60817 /* FirebaseAuth */ = {
			isa = XCSwiftPackageProductDependency;
			package = 5D0C1EBB2BBB1CA400B60817 /* XCRemoteSwiftPackageReference "firebase-ios-sdk" */;
			productName = FirebaseAuth;
		};
		5D0C1EBE2BBB1CA400B60817 /* FirebaseFirestore */ = {
			isa = XCSwiftPackageProductDependency;
			package = 5D0C1EBB2BBB1CA400B60817 /* XCRemoteSwiftPackageReference "firebase-ios-sdk" */;
			productName = FirebaseFirestore;
		};
		5D0C1EC02BBB1CA400B60817 /* FirebaseFirestoreSwift */ = {
			isa = XCSwiftPackageProductDependency;
			package = 5D0C1EBB2BBB1CA400B60817 /* XCRemoteSwiftPackageReference "firebase-ios-sdk" */;
			productName = FirebaseFirestoreSwift;
		};
		5D0C1EC22BBB1CA400B60817 /* FirebaseStorage */ = {
			isa = XCSwiftPackageProductDependency;
			package = 5D0C1EBB2BBB1CA400B60817 /* XCRemoteSwiftPackageReference "firebase-ios-sdk" */;
			productName = FirebaseStorage;
		};
/* End XCSwiftPackageProductDependency section */
	};
	rootObject = 5D6D3A372BA8A27F00B05937 /* Project object */;
}
